
Microsoft Visual Studio Solution File, Format Version 12.00
# Visual Studio Version 16
VisualStudioVersion = 16.0.33529.622
MinimumVisualStudioVersion = 10.0.40219.1
Project("{8BC9CEB8-8B4A-11D0-8D11-00A0C91BC942}") = "Es5", "Es5.vcxproj", "{3000189E-CF1A-46AC-B8ED-0F24C0253E72}"
EndProject
Global
	GlobalSection(SolutionConfigurationPlatforms) = preSolution
		Debug|x64 = Debug|x64
		Debug|x86 = Debug|x86
		Release|x64 = Release|x64
		Release|x86 = Release|x86
	EndGlobalSection
	GlobalSection(ProjectConfigurationPlatforms) = postSolution
		{3000189E-CF1A-46AC-B8ED-0F24C0253E72}.Debug|x64.ActiveCfg = Debug|x64
		{3000189E-CF1A-46AC-B8ED-0F24C0253E72}.Debug|x64.Build.0 = Debug|x64
		{3000189E-CF1A-46AC-B8ED-0F24C0253E72}.Debug|x86.ActiveCfg = Debug|Win32
		{3000189E-CF1A-46AC-B8ED-0F24C0253E72}.Debug|x86.Build.0 = Debug|Win32
		{3000189E-CF1A-46AC-B8ED-0F24C0253E72}.Release|x64.ActiveCfg = Release|x64
		{3000189E-CF1A-46AC-B8ED-0F24C0253E72}.Release|x64.Build.0 = Release|x64
		{3000189E-CF1A-46AC-B8ED-0F24C0253E72}.Release|x86.ActiveCfg = Release|Win32
		{3000189E-CF1A-46AC-B8ED-0F24C0253E72}.Release|x86.Build.0 = Release|Win32
	EndGlobalSection
	GlobalSection(SolutionProperties) = preSolution
		HideSolutionNode = FALSE
	EndGlobalSection
	GlobalSection(ExtensibilityGlobals) = postSolution
		SolutionGuid = {E2DCA197-30D3-48D6-9E13-E0168B73745F}
	EndGlobalSection
EndGlobal
