
Microsoft Visual Studio Solution File, Format Version 12.00
# Visual Studio Version 16
VisualStudioVersion = 16.0.33423.256
MinimumVisualStudioVersion = 10.0.40219.1
Project("{8BC9CEB8-8B4A-11D0-8D11-00A0C91BC942}") = "Es2", "Es2.vcxproj", "{9CECA5BF-F12A-422B-BFC8-9653967C6583}"
EndProject
Global
	GlobalSection(SolutionConfigurationPlatforms) = preSolution
		Debug|x64 = Debug|x64
		Debug|x86 = Debug|x86
		Release|x64 = Release|x64
		Release|x86 = Release|x86
	EndGlobalSection
	GlobalSection(ProjectConfigurationPlatforms) = postSolution
		{9CECA5BF-F12A-422B-BFC8-9653967C6583}.Debug|x64.ActiveCfg = Debug|x64
		{9CECA5BF-F12A-422B-BFC8-9653967C6583}.Debug|x64.Build.0 = Debug|x64
		{9CECA5BF-F12A-422B-BFC8-9653967C6583}.Debug|x86.ActiveCfg = Debug|Win32
		{9CECA5BF-F12A-422B-BFC8-9653967C6583}.Debug|x86.Build.0 = Debug|Win32
		{9CECA5BF-F12A-422B-BFC8-9653967C6583}.Release|x64.ActiveCfg = Release|x64
		{9CECA5BF-F12A-422B-BFC8-9653967C6583}.Release|x64.Build.0 = Release|x64
		{9CECA5BF-F12A-422B-BFC8-9653967C6583}.Release|x86.ActiveCfg = Release|Win32
		{9CECA5BF-F12A-422B-BFC8-9653967C6583}.Release|x86.Build.0 = Release|Win32
	EndGlobalSection
	GlobalSection(SolutionProperties) = preSolution
		HideSolutionNode = FALSE
	EndGlobalSection
	GlobalSection(ExtensibilityGlobals) = postSolution
		SolutionGuid = {C834C8A4-C535-48AE-8693-055F4BC36B73}
	EndGlobalSection
EndGlobal
