
Microsoft Visual Studio Solution File, Format Version 12.00
# Visual Studio Version 16
VisualStudioVersion = 16.0.33927.289
MinimumVisualStudioVersion = 10.0.40219.1
Project("{8BC9CEB8-8B4A-11D0-8D11-00A0C91BC942}") = "Es1", "Es1.vcxproj", "{377DE60C-B05E-4878-B20C-A85753D82668}"
EndProject
Global
	GlobalSection(SolutionConfigurationPlatforms) = preSolution
		Debug|x64 = Debug|x64
		Debug|x86 = Debug|x86
		Release|x64 = Release|x64
		Release|x86 = Release|x86
	EndGlobalSection
	GlobalSection(ProjectConfigurationPlatforms) = postSolution
		{377DE60C-B05E-4878-B20C-A85753D82668}.Debug|x64.ActiveCfg = Debug|x64
		{377DE60C-B05E-4878-B20C-A85753D82668}.Debug|x64.Build.0 = Debug|x64
		{377DE60C-B05E-4878-B20C-A85753D82668}.Debug|x86.ActiveCfg = Debug|Win32
		{377DE60C-B05E-4878-B20C-A85753D82668}.Debug|x86.Build.0 = Debug|Win32
		{377DE60C-B05E-4878-B20C-A85753D82668}.Release|x64.ActiveCfg = Release|x64
		{377DE60C-B05E-4878-B20C-A85753D82668}.Release|x64.Build.0 = Release|x64
		{377DE60C-B05E-4878-B20C-A85753D82668}.Release|x86.ActiveCfg = Release|Win32
		{377DE60C-B05E-4878-B20C-A85753D82668}.Release|x86.Build.0 = Release|Win32
	EndGlobalSection
	GlobalSection(SolutionProperties) = preSolution
		HideSolutionNode = FALSE
	EndGlobalSection
	GlobalSection(ExtensibilityGlobals) = postSolution
		SolutionGuid = {A4056940-4A01-493E-857C-F1138BA17B9E}
	EndGlobalSection
EndGlobal
